// !$*UTF8*$!
{
	archiveVersion = 1;
	classes = {
	};
	objectVersion = 55;
	objects = {

/* Begin PBXBuildFile section */
		3082DF8528AC02ED007F29F3 /* MagnificationApp.swift in Sources */ = {isa = PBXBuildFile; fileRef = 3082DF8428AC02ED007F29F3 /* MagnificationApp.swift */; };
		3082DF8728AC02ED007F29F3 /* ContentView.swift in Sources */ = {isa = PBXBuildFile; fileRef = 3082DF8628AC02ED007F29F3 /* ContentView.swift */; };
		3082DF8928AC02F3007F29F3 /* Assets.xcassets in Resources */ = {isa = PBXBuildFile; fileRef = 3082DF8828AC02F3007F29F3 /* Assets.xcassets */; };
		3082DF8C28AC02F3007F29F3 /* Preview Assets.xcassets in Resources */ = {isa = PBXBuildFile; fileRef = 3082DF8B28AC02F3007F29F3 /* Preview Assets.xcassets */; };
		3082DF9628AC0FB6007F29F3 /* MagnificationManager.swift in Sources */ = {isa = PBXBuildFile; fileRef = 3082DF9528AC0FB6007F29F3 /* MagnificationManager.swift */; };
		3082DF9828AC1098007F29F3 /* MagnificationType.swift in Sources */ = {isa = PBXBuildFile; fileRef = 3082DF9728AC1098007F29F3 /* MagnificationType.swift */; };
		3082DF9A28AC1340007F29F3 /* MagnificationView.swift in Sources */ = {isa = PBXBuildFile; fileRef = 3082DF9928AC1340007F29F3 /* MagnificationView.swift */; };
		30A141F728AEB3100081736B /* SettingsView.swift in Sources */ = {isa = PBXBuildFile; fileRef = 30A141F628AEB3100081736B /* SettingsView.swift */; };
		30A141F928AEB8D90081736B /* AnimationModifier.swift in Sources */ = {isa = PBXBuildFile; fileRef = 30A141F828AEB8D90081736B /* AnimationModifier.swift */; };
/* End PBXBuildFile section */

/* Begin PBXFileReference section */
		3082DF8128AC02ED007F29F3 /* Magnification.app */ = {isa = PBXFileReference; explicitFileType = wrapper.application; includeInIndex = 0; path = Magnification.app; sourceTree = BUILT_PRODUCTS_DIR; };
		3082DF8428AC02ED007F29F3 /* MagnificationApp.swift */ = {isa = PBXFileReference; lastKnownFileType = sourcecode.swift; path = MagnificationApp.swift; sourceTree = "<group>"; };
		3082DF8628AC02ED007F29F3 /* ContentView.swift */ = {isa = PBXFileReference; lastKnownFileType = sourcecode.swift; path = ContentView.swift; sourceTree = "<group>"; };
		3082DF8828AC02F3007F29F3 /* Assets.xcassets */ = {isa = PBXFileReference; lastKnownFileType = folder.assetcatalog; path = Assets.xcassets; sourceTree = "<group>"; };
		3082DF8B28AC02F3007F29F3 /* Preview Assets.xcassets */ = {isa = PBXFileReference; lastKnownFileType = folder.assetcatalog; path = "Preview Assets.xcassets"; sourceTree = "<group>"; };
		3082DF9528AC0FB6007F29F3 /* MagnificationManager.swift */ = {isa = PBXFileReference; lastKnownFileType = sourcecode.swift; path = MagnificationManager.swift; sourceTree = "<group>"; };
		3082DF9728AC1098007F29F3 /* MagnificationType.swift */ = {isa = PBXFileReference; lastKnownFileType = sourcecode.swift; path = MagnificationType.swift; sourceTree = "<group>"; };
		3082DF9928AC1340007F29F3 /* MagnificationView.swift */ = {isa = PBXFileReference; lastKnownFileType = sourcecode.swift; path = MagnificationView.swift; sourceTree = "<group>"; };
		30A141F628AEB3100081736B /* SettingsView.swift */ = {isa = PBXFileReference; lastKnownFileType = sourcecode.swift; path = SettingsView.swift; sourceTree = "<group>"; };
		30A141F828AEB8D90081736B /* AnimationModifier.swift */ = {isa = PBXFileReference; lastKnownFileType = sourcecode.swift; path = AnimationModifier.swift; sourceTree = "<group>"; };
/* End PBXFileReference section */

/* Begin PBXFrameworksBuildPhase section */
		3082DF7E28AC02ED007F29F3 /* Frameworks */ = {
			isa = PBXFrameworksBuildPhase;
			buildActionMask = 2147483647;
			files = (
			);
			runOnlyForDeploymentPostprocessing = 0;
		};
/* End PBXFrameworksBuildPhase section */

/* Begin PBXGroup section */
		3082DF7828AC02ED007F29F3 = {
			isa = PBXGroup;
			children = (
				3082DF8328AC02ED007F29F3 /* Magnification */,
				3082DF8228AC02ED007F29F3 /* Products */,
			);
			sourceTree = "<group>";
		};
		3082DF8228AC02ED007F29F3 /* Products */ = {
			isa = PBXGroup;
			children = (
				3082DF8128AC02ED007F29F3 /* Magnification.app */,
			);
			name = Products;
			sourceTree = "<group>";
		};
		3082DF8328AC02ED007F29F3 /* Magnification */ = {
			isa = PBXGroup;
			children = (
				3082DF8A28AC02F3007F29F3 /* Preview Content */,
				30A141FA28AEBACF0081736B /* Managers */,
				3082DF9328AC036E007F29F3 /* Screens */,
				3082DF9228AC033E007F29F3 /* Common */,
			);
			path = Magnification;
			sourceTree = "<group>";
		};
		3082DF8A28AC02F3007F29F3 /* Preview Content */ = {
			isa = PBXGroup;
			children = (
				3082DF8B28AC02F3007F29F3 /* Preview Assets.xcassets */,
			);
			path = "Preview Content";
			sourceTree = "<group>";
		};
		3082DF9228AC033E007F29F3 /* Common */ = {
			isa = PBXGroup;
			children = (
				3082DF9728AC1098007F29F3 /* MagnificationType.swift */,
				3082DF8628AC02ED007F29F3 /* ContentView.swift */,
				3082DF8828AC02F3007F29F3 /* Assets.xcassets */,
				3082DF8428AC02ED007F29F3 /* MagnificationApp.swift */,
			);
			path = Common;
			sourceTree = "<group>";
		};
		3082DF9328AC036E007F29F3 /* Screens */ = {
			isa = PBXGroup;
			children = (
				30A141F528AEB3040081736B /* Settings */,
				3082DF9428AC0FA4007F29F3 /* Magnification */,
			);
			path = Screens;
			sourceTree = "<group>";
		};
		3082DF9428AC0FA4007F29F3 /* Magnification */ = {
			isa = PBXGroup;
			children = (
				3082DF9928AC1340007F29F3 /* MagnificationView.swift */,
				30A141F828AEB8D90081736B /* AnimationModifier.swift */,
			);
			path = Magnification;
			sourceTree = "<group>";
		};
		30A141F528AEB3040081736B /* Settings */ = {
			isa = PBXGroup;
			children = (
				30A141F628AEB3100081736B /* SettingsView.swift */,
			);
			path = Settings;
			sourceTree = "<group>";
		};
		30A141FA28AEBACF0081736B /* Managers */ = {
			isa = PBXGroup;
			children = (
				3082DF9528AC0FB6007F29F3 /* MagnificationManager.swift */,
			);
			path = Managers;
			sourceTree = "<group>";
		};
/* End PBXGroup section */

/* Begin PBXNativeTarget section */
		3082DF8028AC02ED007F29F3 /* Magnification */ = {
			isa = PBXNativeTarget;
			buildConfigurationList = 3082DF8F28AC02F3007F29F3 /* Build configuration list for PBXNativeTarget "Magnification" */;
			buildPhases = (
				3082DF7D28AC02ED007F29F3 /* Sources */,
				3082DF7E28AC02ED007F29F3 /* Frameworks */,
				3082DF7F28AC02ED007F29F3 /* Resources */,
			);
			buildRules = (
			);
			dependencies = (
			);
			name = Magnification;
			productName = Magnification;
			productReference = 3082DF8128AC02ED007F29F3 /* Magnification.app */;
			productType = "com.apple.product-type.application";
		};
/* End PBXNativeTarget section */

/* Begin PBXProject section */
		3082DF7928AC02ED007F29F3 /* Project object */ = {
			isa = PBXProject;
			attributes = {
				BuildIndependentTargetsInParallel = 1;
				LastSwiftUpdateCheck = 1340;
				LastUpgradeCheck = 1340;
				TargetAttributes = {
					3082DF8028AC02ED007F29F3 = {
						CreatedOnToolsVersion = 13.4;
					};
				};
			};
			buildConfigurationList = 3082DF7C28AC02ED007F29F3 /* Build configuration list for PBXProject "Magnification" */;
			compatibilityVersion = "Xcode 13.0";
			developmentRegion = en;
			hasScannedForEncodings = 0;
			knownRegions = (
				en,
				Base,
			);
			mainGroup = 3082DF7828AC02ED007F29F3;
			productRefGroup = 3082DF8228AC02ED007F29F3 /* Products */;
			projectDirPath = "";
			projectRoot = "";
			targets = (
				3082DF8028AC02ED007F29F3 /* Magnification */,
			);
		};
/* End PBXProject section */

/* Begin PBXResourcesBuildPhase section */
		3082DF7F28AC02ED007F29F3 /* Resources */ = {
			isa = PBXResourcesBuildPhase;
			buildActionMask = 2147483647;
			files = (
				3082DF8C28AC02F3007F29F3 /* Preview Assets.xcassets in Resources */,
				3082DF8928AC02F3007F29F3 /* Assets.xcassets in Resources */,
			);
			runOnlyForDeploymentPostprocessing = 0;
		};
/* End PBXResourcesBuildPhase section */

/* Begin PBXSourcesBuildPhase section */
		3082DF7D28AC02ED007F29F3 /* Sources */ = {
			isa = PBXSourcesBuildPhase;
			buildActionMask = 2147483647;
			files = (
				3082DF8728AC02ED007F29F3 /* ContentView.swift in Sources */,
				30A141F928AEB8D90081736B /* AnimationModifier.swift in Sources */,
				3082DF9828AC1098007F29F3 /* MagnificationType.swift in Sources */,
				3082DF9628AC0FB6007F29F3 /* MagnificationManager.swift in Sources */,
				30A141F728AEB3100081736B /* SettingsView.swift in Sources */,
				3082DF9A28AC1340007F29F3 /* MagnificationView.swift in Sources */,
				3082DF8528AC02ED007F29F3 /* MagnificationApp.swift in Sources */,
			);
			runOnlyForDeploymentPostprocessing = 0;
		};
/* End PBXSourcesBuildPhase section */

/* Begin XCBuildConfiguration section */
		3082DF8D28AC02F3007F29F3 /* Debug */ = {
			isa = XCBuildConfiguration;
			buildSettings = {
				ALWAYS_SEARCH_USER_PATHS = NO;
				CLANG_ANALYZER_NONNULL = YES;
				CLANG_ANALYZER_NUMBER_OBJECT_CONVERSION = YES_AGGRESSIVE;
				CLANG_CXX_LANGUAGE_STANDARD = "gnu++17";
				CLANG_ENABLE_MODULES = YES;
				CLANG_ENABLE_OBJC_ARC = YES;
				CLANG_ENABLE_OBJC_WEAK = YES;
				CLANG_WARN_BLOCK_CAPTURE_AUTORELEASING = YES;
				CLANG_WARN_BOOL_CONVERSION = YES;
				CLANG_WARN_COMMA = YES;
				CLANG_WARN_CONSTANT_CONVERSION = YES;
				CLANG_WARN_DEPRECATED_OBJC_IMPLEMENTATIONS = YES;
				CLANG_WARN_DIRECT_OBJC_ISA_USAGE = YES_ERROR;
				CLANG_WARN_DOCUMENTATION_COMMENTS = YES;
				CLANG_WARN_EMPTY_BODY = YES;
				CLANG_WARN_ENUM_CONVERSION = YES;
				CLANG_WARN_INFINITE_RECURSION = YES;
				CLANG_WARN_INT_CONVERSION = YES;
				CLANG_WARN_NON_LITERAL_NULL_CONVERSION = YES;
				CLANG_WARN_OBJC_IMPLICIT_RETAIN_SELF = YES;
				CLANG_WARN_OBJC_LITERAL_CONVERSION = YES;
				CLANG_WARN_OBJC_ROOT_CLASS = YES_ERROR;
				CLANG_WARN_QUOTED_INCLUDE_IN_FRAMEWORK_HEADER = YES;
				CLANG_WARN_RANGE_LOOP_ANALYSIS = YES;
				CLANG_WARN_STRICT_PROTOTYPES = YES;
				CLANG_WARN_SUSPICIOUS_MOVE = YES;
				CLANG_WARN_UNGUARDED_AVAILABILITY = YES_AGGRESSIVE;
				CLANG_WARN_UNREACHABLE_CODE = YES;
				CLANG_WARN__DUPLICATE_METHOD_MATCH = YES;
				COPY_PHASE_STRIP = NO;
				DEBUG_INFORMATION_FORMAT = dwarf;
				ENABLE_STRICT_OBJC_MSGSEND = YES;
				ENABLE_TESTABILITY = YES;
				GCC_C_LANGUAGE_STANDARD = gnu11;
				GCC_DYNAMIC_NO_PIC = NO;
				GCC_NO_COMMON_BLOCKS = YES;
				GCC_OPTIMIZATION_LEVEL = 0;
				GCC_PREPROCESSOR_DEFINITIONS = (
					"DEBUG=1",
					"$(inherited)",
				);
				GCC_WARN_64_TO_32_BIT_CONVERSION = YES;
				GCC_WARN_ABOUT_RETURN_TYPE = YES_ERROR;
				GCC_WARN_UNDECLARED_SELECTOR = YES;
				GCC_WARN_UNINITIALIZED_AUTOS = YES_AGGRESSIVE;
				GCC_WARN_UNUSED_FUNCTION = YES;
				GCC_WARN_UNUSED_VARIABLE = YES;
				IPHONEOS_DEPLOYMENT_TARGET = 15.5;
				MTL_ENABLE_DEBUG_INFO = INCLUDE_SOURCE;
				MTL_FAST_MATH = YES;
				ONLY_ACTIVE_ARCH = YES;
				SDKROOT = iphoneos;
				SWIFT_ACTIVE_COMPILATION_CONDITIONS = DEBUG;
				SWIFT_OPTIMIZATION_LEVEL = "-Onone";
			};
			name = Debug;
		};
		3082DF8E28AC02F3007F29F3 /* Release */ = {
			isa = XCBuildConfiguration;
			buildSettings = {
				ALWAYS_SEARCH_USER_PATHS = NO;
				CLANG_ANALYZER_NONNULL = YES;
				CLANG_ANALYZER_NUMBER_OBJECT_CONVERSION = YES_AGGRESSIVE;
				CLANG_CXX_LANGUAGE_STANDARD = "gnu++17";
				CLANG_ENABLE_MODULES = YES;
				CLANG_ENABLE_OBJC_ARC = YES;
				CLANG_ENABLE_OBJC_WEAK = YES;
				CLANG_WARN_BLOCK_CAPTURE_AUTORELEASING = YES;
				CLANG_WARN_BOOL_CONVERSION = YES;
				CLANG_WARN_COMMA = YES;
				CLANG_WARN_CONSTANT_CONVERSION = YES;
				CLANG_WARN_DEPRECATED_OBJC_IMPLEMENTATIONS = YES;
				CLANG_WARN_DIRECT_OBJC_ISA_USAGE = YES_ERROR;
				CLANG_WARN_DOCUMENTATION_COMMENTS = YES;
				CLANG_WARN_EMPTY_BODY = YES;
				CLANG_WARN_ENUM_CONVERSION = YES;
				CLANG_WARN_INFINITE_RECURSION = YES;
				CLANG_WARN_INT_CONVERSION = YES;
				CLANG_WARN_NON_LITERAL_NULL_CONVERSION = YES;
				CLANG_WARN_OBJC_IMPLICIT_RETAIN_SELF = YES;
				CLANG_WARN_OBJC_LITERAL_CONVERSION = YES;
				CLANG_WARN_OBJC_ROOT_CLASS = YES_ERROR;
				CLANG_WARN_QUOTED_INCLUDE_IN_FRAMEWORK_HEADER = YES;
				CLANG_WARN_RANGE_LOOP_ANALYSIS = YES;
				CLANG_WARN_STRICT_PROTOTYPES = YES;
				CLANG_WARN_SUSPICIOUS_MOVE = YES;
				CLANG_WARN_UNGUARDED_AVAILABILITY = YES_AGGRESSIVE;
				CLANG_WARN_UNREACHABLE_CODE = YES;
				CLANG_WARN__DUPLICATE_METHOD_MATCH = YES;
				COPY_PHASE_STRIP = NO;
				DEBUG_INFORMATION_FORMAT = "dwarf-with-dsym";
				ENABLE_NS_ASSERTIONS = NO;
				ENABLE_STRICT_OBJC_MSGSEND = YES;
				GCC_C_LANGUAGE_STANDARD = gnu11;
				GCC_NO_COMMON_BLOCKS = YES;
				GCC_WARN_64_TO_32_BIT_CONVERSION = YES;
				GCC_WARN_ABOUT_RETURN_TYPE = YES_ERROR;
				GCC_WARN_UNDECLARED_SELECTOR = YES;
				GCC_WARN_UNINITIALIZED_AUTOS = YES_AGGRESSIVE;
				GCC_WARN_UNUSED_FUNCTION = YES;
				GCC_WARN_UNUSED_VARIABLE = YES;
				IPHONEOS_DEPLOYMENT_TARGET = 15.5;
				MTL_ENABLE_DEBUG_INFO = NO;
				MTL_FAST_MATH = YES;
				SDKROOT = iphoneos;
				SWIFT_COMPILATION_MODE = wholemodule;
				SWIFT_OPTIMIZATION_LEVEL = "-O";
				VALIDATE_PRODUCT = YES;
			};
			name = Release;
		};
		3082DF9028AC02F3007F29F3 /* Debug */ = {
			isa = XCBuildConfiguration;
			buildSettings = {
				ASSETCATALOG_COMPILER_APPICON_NAME = AppIcon;
				ASSETCATALOG_COMPILER_GLOBAL_ACCENT_COLOR_NAME = AccentColor;
				CODE_SIGN_STYLE = Automatic;
				CURRENT_PROJECT_VERSION = 1;
				DEVELOPMENT_ASSET_PATHS = "\"Magnification/Preview Content\"";
				DEVELOPMENT_TEAM = 5RVS7LV4U3;
				ENABLE_PREVIEWS = YES;
				GENERATE_INFOPLIST_FILE = YES;
				INFOPLIST_KEY_UIApplicationSceneManifest_Generation = YES;
				INFOPLIST_KEY_UIApplicationSupportsIndirectInputEvents = YES;
				INFOPLIST_KEY_UILaunchScreen_Generation = YES;
				INFOPLIST_KEY_UISupportedInterfaceOrientations_iPad = "UIInterfaceOrientationPortrait UIInterfaceOrientationPortraitUpsideDown UIInterfaceOrientationLandscapeLeft UIInterfaceOrientationLandscapeRight";
				INFOPLIST_KEY_UISupportedInterfaceOrientations_iPhone = "UIInterfaceOrientationPortrait UIInterfaceOrientationLandscapeLeft UIInterfaceOrientationLandscapeRight";
				LD_RUNPATH_SEARCH_PATHS = (
					"$(inherited)",
					"@executable_path/Frameworks",
				);
				MARKETING_VERSION = 1.0;
				PRODUCT_BUNDLE_IDENTIFIER = danya.Magnification;
				PRODUCT_NAME = "$(TARGET_NAME)";
				SWIFT_EMIT_LOC_STRINGS = YES;
				SWIFT_VERSION = 5.0;
				TARGETED_DEVICE_FAMILY = "1,2";
			};
			name = Debug;
		};
		3082DF9128AC02F3007F29F3 /* Release */ = {
			isa = XCBuildConfiguration;
			buildSettings = {
				ASSETCATALOG_COMPILER_APPICON_NAME = AppIcon;
				ASSETCATALOG_COMPILER_GLOBAL_ACCENT_COLOR_NAME = AccentColor;
				CODE_SIGN_STYLE = Automatic;
				CURRENT_PROJECT_VERSION = 1;
				DEVELOPMENT_ASSET_PATHS = "\"Magnification/Preview Content\"";
				DEVELOPMENT_TEAM = 5RVS7LV4U3;
				ENABLE_PREVIEWS = YES;
				GENERATE_INFOPLIST_FILE = YES;
				INFOPLIST_KEY_UIApplicationSceneManifest_Generation = YES;
				INFOPLIST_KEY_UIApplicationSupportsIndirectInputEvents = YES;
				INFOPLIST_KEY_UILaunchScreen_Generation = YES;
				INFOPLIST_KEY_UISupportedInterfaceOrientations_iPad = "UIInterfaceOrientationPortrait UIInterfaceOrientationPortraitUpsideDown UIInterfaceOrientationLandscapeLeft UIInterfaceOrientationLandscapeRight";
				INFOPLIST_KEY_UISupportedInterfaceOrientations_iPhone = "UIInterfaceOrientationPortrait UIInterfaceOrientationLandscapeLeft UIInterfaceOrientationLandscapeRight";
				LD_RUNPATH_SEARCH_PATHS = (
					"$(inherited)",
					"@executable_path/Frameworks",
				);
				MARKETING_VERSION = 1.0;
				PRODUCT_BUNDLE_IDENTIFIER = danya.Magnification;
				PRODUCT_NAME = "$(TARGET_NAME)";
				SWIFT_EMIT_LOC_STRINGS = YES;
				SWIFT_VERSION = 5.0;
				TARGETED_DEVICE_FAMILY = "1,2";
			};
			name = Release;
		};
/* End XCBuildConfiguration section */

/* Begin XCConfigurationList section */
		3082DF7C28AC02ED007F29F3 /* Build configuration list for PBXProject "Magnification" */ = {
			isa = XCConfigurationList;
			buildConfigurations = (
				3082DF8D28AC02F3007F29F3 /* Debug */,
				3082DF8E28AC02F3007F29F3 /* Release */,
			);
			defaultConfigurationIsVisible = 0;
			defaultConfigurationName = Release;
		};
		3082DF8F28AC02F3007F29F3 /* Build configuration list for PBXNativeTarget "Magnification" */ = {
			isa = XCConfigurationList;
			buildConfigurations = (
				3082DF9028AC02F3007F29F3 /* Debug */,
				3082DF9128AC02F3007F29F3 /* Release */,
			);
			defaultConfigurationIsVisible = 0;
			defaultConfigurationName = Release;
		};
/* End XCConfigurationList section */
	};
	rootObject = 3082DF7928AC02ED007F29F3 /* Project object */;
}
